
Microsoft Visual Studio Solution File, Format Version 12.00
Project("{FAE04EC0-301F-11D3-BF4B-00C04F79EFBC}") = "RetroPLC.Shell", "RetroPLC.Shell\RetroPLC.Shell.csproj", "{9F205438-3CA7-4D2E-B86F-CE8262C492A5}"
EndProject
Project("{FAE04EC0-301F-11D3-BF4B-00C04F79EFBC}") = "RetroPLC.LanguageServerHost", "RetroPLC.LanguageServerHost\RetroPLC.LanguageServerHost.csproj", "{8C54F24F-C158-4F19-89C5-350D3E0EFA88}"
EndProject
Project("{FAE04EC0-301F-11D3-BF4B-00C04F79EFBC}") = "RetroPLC.Icons", "RetroPLC.Icons\RetroPLC.Icons.csproj", "{BD391719-D491-4772-9AF6-5F6153FAF04B}"
EndProject
Project("{FAE04EC0-301F-11D3-BF4B-00C04F79EFBC}") = "RetroPLC.Theme", "RetroPLC.Theme\RetroPLC.Theme.csproj", "{A71A256B-8DB1-49BC-A884-32DBBF3986E2}"
EndProject
Global
	GlobalSection(SolutionConfigurationPlatforms) = preSolution
		Debug|Any CPU = Debug|Any CPU
		Release|Any CPU = Release|Any CPU
	EndGlobalSection
	GlobalSection(ProjectConfigurationPlatforms) = postSolution
		{9F205438-3CA7-4D2E-B86F-CE8262C492A5}.Debug|Any CPU.ActiveCfg = Debug|Any CPU
		{9F205438-3CA7-4D2E-B86F-CE8262C492A5}.Debug|Any CPU.Build.0 = Debug|Any CPU
		{9F205438-3CA7-4D2E-B86F-CE8262C492A5}.Release|Any CPU.ActiveCfg = Release|Any CPU
		{9F205438-3CA7-4D2E-B86F-CE8262C492A5}.Release|Any CPU.Build.0 = Release|Any CPU
		{8C54F24F-C158-4F19-89C5-350D3E0EFA88}.Debug|Any CPU.ActiveCfg = Debug|Any CPU
		{8C54F24F-C158-4F19-89C5-350D3E0EFA88}.Debug|Any CPU.Build.0 = Debug|Any CPU
		{8C54F24F-C158-4F19-89C5-350D3E0EFA88}.Release|Any CPU.ActiveCfg = Release|Any CPU
		{8C54F24F-C158-4F19-89C5-350D3E0EFA88}.Release|Any CPU.Build.0 = Release|Any CPU
		{BD391719-D491-4772-9AF6-5F6153FAF04B}.Debug|Any CPU.ActiveCfg = Debug|Any CPU
		{BD391719-D491-4772-9AF6-5F6153FAF04B}.Debug|Any CPU.Build.0 = Debug|Any CPU
		{BD391719-D491-4772-9AF6-5F6153FAF04B}.Release|Any CPU.ActiveCfg = Release|Any CPU
		{BD391719-D491-4772-9AF6-5F6153FAF04B}.Release|Any CPU.Build.0 = Release|Any CPU
		{A71A256B-8DB1-49BC-A884-32DBBF3986E2}.Debug|Any CPU.ActiveCfg = Debug|Any CPU
		{A71A256B-8DB1-49BC-A884-32DBBF3986E2}.Debug|Any CPU.Build.0 = Debug|Any CPU
		{A71A256B-8DB1-49BC-A884-32DBBF3986E2}.Release|Any CPU.ActiveCfg = Release|Any CPU
		{A71A256B-8DB1-49BC-A884-32DBBF3986E2}.Release|Any CPU.Build.0 = Release|Any CPU
	EndGlobalSection
EndGlobal
